
Microsoft Visual Studio Solution File, Format Version 12.00
# Visual Studio Version 16
VisualStudioVersion = 16.0.30503.244
MinimumVisualStudioVersion = 10.0.40219.1
Project("{8BC9CEB8-8B4A-11D0-8D11-00A0C91BC942}") = "glfw_tutorial", "glfw_tutorial.vcxproj", "{FE41EF87-AB43-49D0-B7A9-999BDF08B74C}"
EndProject
Global
	GlobalSection(SolutionConfigurationPlatforms) = preSolution
		Debug|x64 = Debug|x64
		Debug|x86 = Debug|x86
		Release|x64 = Release|x64
		Release|x86 = Release|x86
	EndGlobalSection
	GlobalSection(ProjectConfigurationPlatforms) = postSolution
		{FE41EF87-AB43-49D0-B7A9-999BDF08B74C}.Debug|x64.ActiveCfg = Debug|x64
		{FE41EF87-AB43-49D0-B7A9-999BDF08B74C}.Debug|x64.Build.0 = Debug|x64
		{FE41EF87-AB43-49D0-B7A9-999BDF08B74C}.Debug|x86.ActiveCfg = Debug|Win32
		{FE41EF87-AB43-49D0-B7A9-999BDF08B74C}.Debug|x86.Build.0 = Debug|Win32
		{FE41EF87-AB43-49D0-B7A9-999BDF08B74C}.Release|x64.ActiveCfg = Release|x64
		{FE41EF87-AB43-49D0-B7A9-999BDF08B74C}.Release|x64.Build.0 = Release|x64
		{FE41EF87-AB43-49D0-B7A9-999BDF08B74C}.Release|x86.ActiveCfg = Release|Win32
		{FE41EF87-AB43-49D0-B7A9-999BDF08B74C}.Release|x86.Build.0 = Release|Win32
	EndGlobalSection
	GlobalSection(SolutionProperties) = preSolution
		HideSolutionNode = FALSE
	EndGlobalSection
	GlobalSection(ExtensibilityGlobals) = postSolution
		SolutionGuid = {02357C6F-4880-464B-A3DD-DF5805B1A354}
	EndGlobalSection
EndGlobal
